// !$*UTF8*$!
{
	archiveVersion = 1;
	classes = {
	};
	objectVersion = 51;
	objects = {

/* Begin PBXBuildFile section */
		8A0B91BF260B3DB500F3446D /* music_sound.json in Resources */ = {isa = PBXBuildFile; fileRef = 8A0B91BE260B3DB500F3446D /* music_sound.json */; };
		8A0B91C2260B3F9D00F3446D /* music.mp3 in Resources */ = {isa = PBXBuildFile; fileRef = 8A0B91C1260B3F9D00F3446D /* music.mp3 */; };
		8A5CF1F8260AC39800B38734 /* AppDelegate.swift in Sources */ = {isa = PBXBuildFile; fileRef = 8A5CF1F7260AC39800B38734 /* AppDelegate.swift */; };
		8A5CF1FA260AC39800B38734 /* SceneDelegate.swift in Sources */ = {isa = PBXBuildFile; fileRef = 8A5CF1F9260AC39800B38734 /* SceneDelegate.swift */; };
		8A5CF1FC260AC39800B38734 /* ViewController.swift in Sources */ = {isa = PBXBuildFile; fileRef = 8A5CF1FB260AC39800B38734 /* ViewController.swift */; };
		8A5CF1FF260AC39800B38734 /* Main.storyboard in Resources */ = {isa = PBXBuildFile; fileRef = 8A5CF1FD260AC39800B38734 /* Main.storyboard */; };
		8A5CF201260AC39900B38734 /* Assets.xcassets in Resources */ = {isa = PBXBuildFile; fileRef = 8A5CF200260AC39900B38734 /* Assets.xcassets */; };
		8A5CF204260AC39900B38734 /* LaunchScreen.storyboard in Resources */ = {isa = PBXBuildFile; fileRef = 8A5CF202260AC39900B38734 /* LaunchScreen.storyboard */; };
		ACC1A5DA953034102F8DB1AF /* Pods_ImageVideoDownload.framework in Frameworks */ = {isa = PBXBuildFile; fileRef = 64FABB6F24D15FA0CA998B6A /* Pods_ImageVideoDownload.framework */; };
/* End PBXBuildFile section */

/* Begin PBXFileReference section */
		64FABB6F24D15FA0CA998B6A /* Pods_ImageVideoDownload.framework */ = {isa = PBXFileReference; explicitFileType = wrapper.framework; includeInIndex = 0; path = Pods_ImageVideoDownload.framework; sourceTree = BUILT_PRODUCTS_DIR; };
		82C40F5B69DD25B88494DB2F /* Pods-ImageVideoDownload.debug.xcconfig */ = {isa = PBXFileReference; includeInIndex = 1; lastKnownFileType = text.xcconfig; name = "Pods-ImageVideoDownload.debug.xcconfig"; path = "Target Support Files/Pods-ImageVideoDownload/Pods-ImageVideoDownload.debug.xcconfig"; sourceTree = "<group>"; };
		8A0B91BE260B3DB500F3446D /* music_sound.json */ = {isa = PBXFileReference; fileEncoding = 4; lastKnownFileType = text.json; path = music_sound.json; sourceTree = "<group>"; };
		8A0B91C1260B3F9D00F3446D /* music.mp3 */ = {isa = PBXFileReference; lastKnownFileType = audio.mp3; path = music.mp3; sourceTree = "<group>"; };
		8A5CF1F4260AC39800B38734 /* ImageVideoDownload.app */ = {isa = PBXFileReference; explicitFileType = wrapper.application; includeInIndex = 0; path = ImageVideoDownload.app; sourceTree = BUILT_PRODUCTS_DIR; };
		8A5CF1F7260AC39800B38734 /* AppDelegate.swift */ = {isa = PBXFileReference; lastKnownFileType = sourcecode.swift; path = AppDelegate.swift; sourceTree = "<group>"; };
		8A5CF1F9260AC39800B38734 /* SceneDelegate.swift */ = {isa = PBXFileReference; lastKnownFileType = sourcecode.swift; path = SceneDelegate.swift; sourceTree = "<group>"; };
		8A5CF1FB260AC39800B38734 /* ViewController.swift */ = {isa = PBXFileReference; lastKnownFileType = sourcecode.swift; path = ViewController.swift; sourceTree = "<group>"; };
		8A5CF1FE260AC39800B38734 /* Base */ = {isa = PBXFileReference; lastKnownFileType = file.storyboard; name = Base; path = Base.lproj/Main.storyboard; sourceTree = "<group>"; };
		8A5CF200260AC39900B38734 /* Assets.xcassets */ = {isa = PBXFileReference; lastKnownFileType = folder.assetcatalog; path = Assets.xcassets; sourceTree = "<group>"; };
		8A5CF203260AC39900B38734 /* Base */ = {isa = PBXFileReference; lastKnownFileType = file.storyboard; name = Base; path = Base.lproj/LaunchScreen.storyboard; sourceTree = "<group>"; };
		8A5CF205260AC39900B38734 /* Info.plist */ = {isa = PBXFileReference; lastKnownFileType = text.plist.xml; path = Info.plist; sourceTree = "<group>"; };
		ED4F7B8D816DDCFA799053BA /* Pods-ImageVideoDownload.release.xcconfig */ = {isa = PBXFileReference; includeInIndex = 1; lastKnownFileType = text.xcconfig; name = "Pods-ImageVideoDownload.release.xcconfig"; path = "Target Support Files/Pods-ImageVideoDownload/Pods-ImageVideoDownload.release.xcconfig"; sourceTree = "<group>"; };
/* End PBXFileReference section */

/* Begin PBXFrameworksBuildPhase section */
		8A5CF1F1260AC39800B38734 /* Frameworks */ = {
			isa = PBXFrameworksBuildPhase;
			buildActionMask = 2147483647;
			files = (
				ACC1A5DA953034102F8DB1AF /* Pods_ImageVideoDownload.framework in Frameworks */,
			);
			runOnlyForDeploymentPostprocessing = 0;
		};
/* End PBXFrameworksBuildPhase section */

/* Begin PBXGroup section */
		46EE5FF1DE012D22D874FBAA /* Pods */ = {
			isa = PBXGroup;
			children = (
				82C40F5B69DD25B88494DB2F /* Pods-ImageVideoDownload.debug.xcconfig */,
				ED4F7B8D816DDCFA799053BA /* Pods-ImageVideoDownload.release.xcconfig */,
			);
			path = Pods;
			sourceTree = "<group>";
		};
		533DA54EAD0546906247E4AA /* Frameworks */ = {
			isa = PBXGroup;
			children = (
				64FABB6F24D15FA0CA998B6A /* Pods_ImageVideoDownload.framework */,
			);
			name = Frameworks;
			sourceTree = "<group>";
		};
		8A5CF1EB260AC39800B38734 = {
			isa = PBXGroup;
			children = (
				8A5CF1F6260AC39800B38734 /* ImageVideoDownload */,
				8A5CF1F5260AC39800B38734 /* Products */,
				46EE5FF1DE012D22D874FBAA /* Pods */,
				533DA54EAD0546906247E4AA /* Frameworks */,
			);
			sourceTree = "<group>";
		};
		8A5CF1F5260AC39800B38734 /* Products */ = {
			isa = PBXGroup;
			children = (
				8A5CF1F4260AC39800B38734 /* ImageVideoDownload.app */,
			);
			name = Products;
			sourceTree = "<group>";
		};
		8A5CF1F6260AC39800B38734 /* ImageVideoDownload */ = {
			isa = PBXGroup;
			children = (
				8A5CF1F7260AC39800B38734 /* AppDelegate.swift */,
				8A5CF1F9260AC39800B38734 /* SceneDelegate.swift */,
				8A5CF1FB260AC39800B38734 /* ViewController.swift */,
				8A0B91C1260B3F9D00F3446D /* music.mp3 */,
				8A0B91BE260B3DB500F3446D /* music_sound.json */,
				8A5CF1FD260AC39800B38734 /* Main.storyboard */,
				8A5CF200260AC39900B38734 /* Assets.xcassets */,
				8A5CF202260AC39900B38734 /* LaunchScreen.storyboard */,
				8A5CF205260AC39900B38734 /* Info.plist */,
			);
			path = ImageVideoDownload;
			sourceTree = "<group>";
		};
/* End PBXGroup section */

/* Begin PBXNativeTarget section */
		8A5CF1F3260AC39800B38734 /* ImageVideoDownload */ = {
			isa = PBXNativeTarget;
			buildConfigurationList = 8A5CF208260AC39900B38734 /* Build configuration list for PBXNativeTarget "ImageVideoDownload" */;
			buildPhases = (
				3552830C52B6A1D95CA44815 /* [CP] Check Pods Manifest.lock */,
				8A5CF1F0260AC39800B38734 /* Sources */,
				8A5CF1F1260AC39800B38734 /* Frameworks */,
				8A5CF1F2260AC39800B38734 /* Resources */,
				FF15BADFA18DD50BADD75AF1 /* [CP] Embed Pods Frameworks */,
			);
			buildRules = (
			);
			dependencies = (
			);
			name = ImageVideoDownload;
			productName = ImageVideoDownload;
			productReference = 8A5CF1F4260AC39800B38734 /* ImageVideoDownload.app */;
			productType = "com.apple.product-type.application";
		};
/* End PBXNativeTarget section */

/* Begin PBXProject section */
		8A5CF1EC260AC39800B38734 /* Project object */ = {
			isa = PBXProject;
			attributes = {
				LastSwiftUpdateCheck = 1220;
				LastUpgradeCheck = 1220;
				TargetAttributes = {
					8A5CF1F3260AC39800B38734 = {
						CreatedOnToolsVersion = 12.2;
					};
				};
			};
			buildConfigurationList = 8A5CF1EF260AC39800B38734 /* Build configuration list for PBXProject "ImageVideoDownload" */;
			compatibilityVersion = "Xcode 9.3";
			developmentRegion = en;
			hasScannedForEncodings = 0;
			knownRegions = (
				en,
				Base,
			);
			mainGroup = 8A5CF1EB260AC39800B38734;
			productRefGroup = 8A5CF1F5260AC39800B38734 /* Products */;
			projectDirPath = "";
			projectRoot = "";
			targets = (
				8A5CF1F3260AC39800B38734 /* ImageVideoDownload */,
			);
		};
/* End PBXProject section */

/* Begin PBXResourcesBuildPhase section */
		8A5CF1F2260AC39800B38734 /* Resources */ = {
			isa = PBXResourcesBuildPhase;
			buildActionMask = 2147483647;
			files = (
				8A0B91C2260B3F9D00F3446D /* music.mp3 in Resources */,
				8A5CF204260AC39900B38734 /* LaunchScreen.storyboard in Resources */,
				8A0B91BF260B3DB500F3446D /* music_sound.json in Resources */,
				8A5CF201260AC39900B38734 /* Assets.xcassets in Resources */,
				8A5CF1FF260AC39800B38734 /* Main.storyboard in Resources */,
			);
			runOnlyForDeploymentPostprocessing = 0;
		};
/* End PBXResourcesBuildPhase section */

/* Begin PBXShellScriptBuildPhase section */
		3552830C52B6A1D95CA44815 /* [CP] Check Pods Manifest.lock */ = {
			isa = PBXShellScriptBuildPhase;
			buildActionMask = 2147483647;
			files = (
			);
			inputFileListPaths = (
			);
			inputPaths = (
				"${PODS_PODFILE_DIR_PATH}/Podfile.lock",
				"${PODS_ROOT}/Manifest.lock",
			);
			name = "[CP] Check Pods Manifest.lock";
			outputFileListPaths = (
			);
			outputPaths = (
				"$(DERIVED_FILE_DIR)/Pods-ImageVideoDownload-checkManifestLockResult.txt",
			);
			runOnlyForDeploymentPostprocessing = 0;
			shellPath = /bin/sh;
			shellScript = "diff \"${PODS_PODFILE_DIR_PATH}/Podfile.lock\" \"${PODS_ROOT}/Manifest.lock\" > /dev/null\nif [ $? != 0 ] ; then\n    # print error to STDERR\n    echo \"error: The sandbox is not in sync with the Podfile.lock. Run 'pod install' or update your CocoaPods installation.\" >&2\n    exit 1\nfi\n# This output is used by Xcode 'outputs' to avoid re-running this script phase.\necho \"SUCCESS\" > \"${SCRIPT_OUTPUT_FILE_0}\"\n";
			showEnvVarsInLog = 0;
		};
		FF15BADFA18DD50BADD75AF1 /* [CP] Embed Pods Frameworks */ = {
			isa = PBXShellScriptBuildPhase;
			buildActionMask = 2147483647;
			files = (
			);
			inputFileListPaths = (
				"${PODS_ROOT}/Target Support Files/Pods-ImageVideoDownload/Pods-ImageVideoDownload-frameworks-${CONFIGURATION}-input-files.xcfilelist",
			);
			name = "[CP] Embed Pods Frameworks";
			outputFileListPaths = (
				"${PODS_ROOT}/Target Support Files/Pods-ImageVideoDownload/Pods-ImageVideoDownload-frameworks-${CONFIGURATION}-output-files.xcfilelist",
			);
			runOnlyForDeploymentPostprocessing = 0;
			shellPath = /bin/sh;
			shellScript = "\"${PODS_ROOT}/Target Support Files/Pods-ImageVideoDownload/Pods-ImageVideoDownload-frameworks.sh\"\n";
			showEnvVarsInLog = 0;
		};
/* End PBXShellScriptBuildPhase section */

/* Begin PBXSourcesBuildPhase section */
		8A5CF1F0260AC39800B38734 /* Sources */ = {
			isa = PBXSourcesBuildPhase;
			buildActionMask = 2147483647;
			files = (
				8A5CF1FC260AC39800B38734 /* ViewController.swift in Sources */,
				8A5CF1F8260AC39800B38734 /* AppDelegate.swift in Sources */,
				8A5CF1FA260AC39800B38734 /* SceneDelegate.swift in Sources */,
			);
			runOnlyForDeploymentPostprocessing = 0;
		};
/* End PBXSourcesBuildPhase section */

/* Begin PBXVariantGroup section */
		8A5CF1FD260AC39800B38734 /* Main.storyboard */ = {
			isa = PBXVariantGroup;
			children = (
				8A5CF1FE260AC39800B38734 /* Base */,
			);
			name = Main.storyboard;
			sourceTree = "<group>";
		};
		8A5CF202260AC39900B38734 /* LaunchScreen.storyboard */ = {
			isa = PBXVariantGroup;
			children = (
				8A5CF203260AC39900B38734 /* Base */,
			);
			name = LaunchScreen.storyboard;
			sourceTree = "<group>";
		};
/* End PBXVariantGroup section */

/* Begin XCBuildConfiguration section */
		8A5CF206260AC39900B38734 /* Debug */ = {
			isa = XCBuildConfiguration;
			buildSettings = {
				ALWAYS_SEARCH_USER_PATHS = NO;
				CLANG_ANALYZER_NONNULL = YES;
				CLANG_ANALYZER_NUMBER_OBJECT_CONVERSION = YES_AGGRESSIVE;
				CLANG_CXX_LANGUAGE_STANDARD = "gnu++14";
				CLANG_CXX_LIBRARY = "libc++";
				CLANG_ENABLE_MODULES = YES;
				CLANG_ENABLE_OBJC_ARC = YES;
				CLANG_ENABLE_OBJC_WEAK = YES;
				CLANG_WARN_BLOCK_CAPTURE_AUTORELEASING = YES;
				CLANG_WARN_BOOL_CONVERSION = YES;
				CLANG_WARN_COMMA = YES;
				CLANG_WARN_CONSTANT_CONVERSION = YES;
				CLANG_WARN_DEPRECATED_OBJC_IMPLEMENTATIONS = YES;
				CLANG_WARN_DIRECT_OBJC_ISA_USAGE = YES_ERROR;
				CLANG_WARN_DOCUMENTATION_COMMENTS = YES;
				CLANG_WARN_EMPTY_BODY = YES;
				CLANG_WARN_ENUM_CONVERSION = YES;
				CLANG_WARN_INFINITE_RECURSION = YES;
				CLANG_WARN_INT_CONVERSION = YES;
				CLANG_WARN_NON_LITERAL_NULL_CONVERSION = YES;
				CLANG_WARN_OBJC_IMPLICIT_RETAIN_SELF = YES;
				CLANG_WARN_OBJC_LITERAL_CONVERSION = YES;
				CLANG_WARN_OBJC_ROOT_CLASS = YES_ERROR;
				CLANG_WARN_QUOTED_INCLUDE_IN_FRAMEWORK_HEADER = YES;
				CLANG_WARN_RANGE_LOOP_ANALYSIS = YES;
				CLANG_WARN_STRICT_PROTOTYPES = YES;
				CLANG_WARN_SUSPICIOUS_MOVE = YES;
				CLANG_WARN_UNGUARDED_AVAILABILITY = YES_AGGRESSIVE;
				CLANG_WARN_UNREACHABLE_CODE = YES;
				CLANG_WARN__DUPLICATE_METHOD_MATCH = YES;
				COPY_PHASE_STRIP = NO;
				DEBUG_INFORMATION_FORMAT = dwarf;
				ENABLE_STRICT_OBJC_MSGSEND = YES;
				ENABLE_TESTABILITY = YES;
				GCC_C_LANGUAGE_STANDARD = gnu11;
				GCC_DYNAMIC_NO_PIC = NO;
				GCC_NO_COMMON_BLOCKS = YES;
				GCC_OPTIMIZATION_LEVEL = 0;
				GCC_PREPROCESSOR_DEFINITIONS = (
					"DEBUG=1",
					"$(inherited)",
				);
				GCC_WARN_64_TO_32_BIT_CONVERSION = YES;
				GCC_WARN_ABOUT_RETURN_TYPE = YES_ERROR;
				GCC_WARN_UNDECLARED_SELECTOR = YES;
				GCC_WARN_UNINITIALIZED_AUTOS = YES_AGGRESSIVE;
				GCC_WARN_UNUSED_FUNCTION = YES;
				GCC_WARN_UNUSED_VARIABLE = YES;
				IPHONEOS_DEPLOYMENT_TARGET = 14.2;
				MTL_ENABLE_DEBUG_INFO = INCLUDE_SOURCE;
				MTL_FAST_MATH = YES;
				ONLY_ACTIVE_ARCH = YES;
				SDKROOT = iphoneos;
				SWIFT_ACTIVE_COMPILATION_CONDITIONS = DEBUG;
				SWIFT_OPTIMIZATION_LEVEL = "-Onone";
			};
			name = Debug;
		};
		8A5CF207260AC39900B38734 /* Release */ = {
			isa = XCBuildConfiguration;
			buildSettings = {
				ALWAYS_SEARCH_USER_PATHS = NO;
				CLANG_ANALYZER_NONNULL = YES;
				CLANG_ANALYZER_NUMBER_OBJECT_CONVERSION = YES_AGGRESSIVE;
				CLANG_CXX_LANGUAGE_STANDARD = "gnu++14";
				CLANG_CXX_LIBRARY = "libc++";
				CLANG_ENABLE_MODULES = YES;
				CLANG_ENABLE_OBJC_ARC = YES;
				CLANG_ENABLE_OBJC_WEAK = YES;
				CLANG_WARN_BLOCK_CAPTURE_AUTORELEASING = YES;
				CLANG_WARN_BOOL_CONVERSION = YES;
				CLANG_WARN_COMMA = YES;
				CLANG_WARN_CONSTANT_CONVERSION = YES;
				CLANG_WARN_DEPRECATED_OBJC_IMPLEMENTATIONS = YES;
				CLANG_WARN_DIRECT_OBJC_ISA_USAGE = YES_ERROR;
				CLANG_WARN_DOCUMENTATION_COMMENTS = YES;
				CLANG_WARN_EMPTY_BODY = YES;
				CLANG_WARN_ENUM_CONVERSION = YES;
				CLANG_WARN_INFINITE_RECURSION = YES;
				CLANG_WARN_INT_CONVERSION = YES;
				CLANG_WARN_NON_LITERAL_NULL_CONVERSION = YES;
				CLANG_WARN_OBJC_IMPLICIT_RETAIN_SELF = YES;
				CLANG_WARN_OBJC_LITERAL_CONVERSION = YES;
				CLANG_WARN_OBJC_ROOT_CLASS = YES_ERROR;
				CLANG_WARN_QUOTED_INCLUDE_IN_FRAMEWORK_HEADER = YES;
				CLANG_WARN_RANGE_LOOP_ANALYSIS = YES;
				CLANG_WARN_STRICT_PROTOTYPES = YES;
				CLANG_WARN_SUSPICIOUS_MOVE = YES;
				CLANG_WARN_UNGUARDED_AVAILABILITY = YES_AGGRESSIVE;
				CLANG_WARN_UNREACHABLE_CODE = YES;
				CLANG_WARN__DUPLICATE_METHOD_MATCH = YES;
				COPY_PHASE_STRIP = NO;
				DEBUG_INFORMATION_FORMAT = "dwarf-with-dsym";
				ENABLE_NS_ASSERTIONS = NO;
				ENABLE_STRICT_OBJC_MSGSEND = YES;
				GCC_C_LANGUAGE_STANDARD = gnu11;
				GCC_NO_COMMON_BLOCKS = YES;
				GCC_WARN_64_TO_32_BIT_CONVERSION = YES;
				GCC_WARN_ABOUT_RETURN_TYPE = YES_ERROR;
				GCC_WARN_UNDECLARED_SELECTOR = YES;
				GCC_WARN_UNINITIALIZED_AUTOS = YES_AGGRESSIVE;
				GCC_WARN_UNUSED_FUNCTION = YES;
				GCC_WARN_UNUSED_VARIABLE = YES;
				IPHONEOS_DEPLOYMENT_TARGET = 14.2;
				MTL_ENABLE_DEBUG_INFO = NO;
				MTL_FAST_MATH = YES;
				SDKROOT = iphoneos;
				SWIFT_COMPILATION_MODE = wholemodule;
				SWIFT_OPTIMIZATION_LEVEL = "-O";
				VALIDATE_PRODUCT = YES;
			};
			name = Release;
		};
		8A5CF209260AC39900B38734 /* Debug */ = {
			isa = XCBuildConfiguration;
			baseConfigurationReference = 82C40F5B69DD25B88494DB2F /* Pods-ImageVideoDownload.debug.xcconfig */;
			buildSettings = {
				ASSETCATALOG_COMPILER_APPICON_NAME = AppIcon;
				ASSETCATALOG_COMPILER_GLOBAL_ACCENT_COLOR_NAME = AccentColor;
				CODE_SIGN_STYLE = Automatic;
				DEVELOPMENT_TEAM = T5R7B3XTP4;
				INFOPLIST_FILE = ImageVideoDownload/Info.plist;
				LD_RUNPATH_SEARCH_PATHS = (
					"$(inherited)",
					"@executable_path/Frameworks",
				);
				PRODUCT_BUNDLE_IDENTIFIER = Lemolite.ImageVideoDownload;
				PRODUCT_NAME = "$(TARGET_NAME)";
				SWIFT_VERSION = 5.0;
				TARGETED_DEVICE_FAMILY = 1;
			};
			name = Debug;
		};
		8A5CF20A260AC39900B38734 /* Release */ = {
			isa = XCBuildConfiguration;
			baseConfigurationReference = ED4F7B8D816DDCFA799053BA /* Pods-ImageVideoDownload.release.xcconfig */;
			buildSettings = {
				ASSETCATALOG_COMPILER_APPICON_NAME = AppIcon;
				ASSETCATALOG_COMPILER_GLOBAL_ACCENT_COLOR_NAME = AccentColor;
				CODE_SIGN_STYLE = Automatic;
				DEVELOPMENT_TEAM = T5R7B3XTP4;
				INFOPLIST_FILE = ImageVideoDownload/Info.plist;
				LD_RUNPATH_SEARCH_PATHS = (
					"$(inherited)",
					"@executable_path/Frameworks",
				);
				PRODUCT_BUNDLE_IDENTIFIER = Lemolite.ImageVideoDownload;
				PRODUCT_NAME = "$(TARGET_NAME)";
				SWIFT_VERSION = 5.0;
				TARGETED_DEVICE_FAMILY = 1;
			};
			name = Release;
		};
/* End XCBuildConfiguration section */

/* Begin XCConfigurationList section */
		8A5CF1EF260AC39800B38734 /* Build configuration list for PBXProject "ImageVideoDownload" */ = {
			isa = XCConfigurationList;
			buildConfigurations = (
				8A5CF206260AC39900B38734 /* Debug */,
				8A5CF207260AC39900B38734 /* Release */,
			);
			defaultConfigurationIsVisible = 0;
			defaultConfigurationName = Release;
		};
		8A5CF208260AC39900B38734 /* Build configuration list for PBXNativeTarget "ImageVideoDownload" */ = {
			isa = XCConfigurationList;
			buildConfigurations = (
				8A5CF209260AC39900B38734 /* Debug */,
				8A5CF20A260AC39900B38734 /* Release */,
			);
			defaultConfigurationIsVisible = 0;
			defaultConfigurationName = Release;
		};
/* End XCConfigurationList section */
	};
	rootObject = 8A5CF1EC260AC39800B38734 /* Project object */;
}
